
Microsoft Visual Studio Solution File, Format Version 12.00
Project("{FAE04EC0-301F-11D3-BF4B-00C04F79EFBC}") = "lab14", "lab14\lab14.csproj", "{2EB4A18F-97E6-4BE4-AD2A-7265F05D4C79}"
EndProject
Global
	GlobalSection(SolutionConfigurationPlatforms) = preSolution
		Debug|Any CPU = Debug|Any CPU
		Release|Any CPU = Release|Any CPU
	EndGlobalSection
	GlobalSection(ProjectConfigurationPlatforms) = postSolution
		{2EB4A18F-97E6-4BE4-AD2A-7265F05D4C79}.Debug|Any CPU.ActiveCfg = Debug|Any CPU
		{2EB4A18F-97E6-4BE4-AD2A-7265F05D4C79}.Debug|Any CPU.Build.0 = Debug|Any CPU
		{2EB4A18F-97E6-4BE4-AD2A-7265F05D4C79}.Release|Any CPU.ActiveCfg = Release|Any CPU
		{2EB4A18F-97E6-4BE4-AD2A-7265F05D4C79}.Release|Any CPU.Build.0 = Release|Any CPU
	EndGlobalSection
EndGlobal
